
Microsoft Visual Studio Solution File, Format Version 12.00
# Visual Studio 15
VisualStudioVersion = 15.0.26730.12
MinimumVisualStudioVersion = 10.0.40219.1
Project("{FAE04EC0-301F-11D3-BF4B-00C04F79EFBC}") = "POH2Luokat", "POH2Luokat\POH2Luokat.csproj", "{03704264-12E7-4734-9A6D-0D1F77FA4D18}"
EndProject
Project("{FAE04EC0-301F-11D3-BF4B-00C04F79EFBC}") = "POH2Testeri1", "POH2Testeri1\POH2Testeri1.csproj", "{67942593-3B78-4E36-8A95-D98E77A14068}"
EndProject
Project("{FAE04EC0-301F-11D3-BF4B-00C04F79EFBC}") = "POH2Testeri2", "POH2Testeri2\POH2Testeri2.csproj", "{830CB347-6A28-419B-AE8A-D68D99FA8DAB}"
EndProject
Global
	GlobalSection(SolutionConfigurationPlatforms) = preSolution
		Debug|Any CPU = Debug|Any CPU
		Release|Any CPU = Release|Any CPU
	EndGlobalSection
	GlobalSection(ProjectConfigurationPlatforms) = postSolution
		{03704264-12E7-4734-9A6D-0D1F77FA4D18}.Debug|Any CPU.ActiveCfg = Debug|Any CPU
		{03704264-12E7-4734-9A6D-0D1F77FA4D18}.Debug|Any CPU.Build.0 = Debug|Any CPU
		{03704264-12E7-4734-9A6D-0D1F77FA4D18}.Release|Any CPU.ActiveCfg = Release|Any CPU
		{03704264-12E7-4734-9A6D-0D1F77FA4D18}.Release|Any CPU.Build.0 = Release|Any CPU
		{67942593-3B78-4E36-8A95-D98E77A14068}.Debug|Any CPU.ActiveCfg = Debug|Any CPU
		{67942593-3B78-4E36-8A95-D98E77A14068}.Debug|Any CPU.Build.0 = Debug|Any CPU
		{67942593-3B78-4E36-8A95-D98E77A14068}.Release|Any CPU.ActiveCfg = Release|Any CPU
		{67942593-3B78-4E36-8A95-D98E77A14068}.Release|Any CPU.Build.0 = Release|Any CPU
		{830CB347-6A28-419B-AE8A-D68D99FA8DAB}.Debug|Any CPU.ActiveCfg = Debug|Any CPU
		{830CB347-6A28-419B-AE8A-D68D99FA8DAB}.Debug|Any CPU.Build.0 = Debug|Any CPU
		{830CB347-6A28-419B-AE8A-D68D99FA8DAB}.Release|Any CPU.ActiveCfg = Release|Any CPU
		{830CB347-6A28-419B-AE8A-D68D99FA8DAB}.Release|Any CPU.Build.0 = Release|Any CPU
	EndGlobalSection
	GlobalSection(SolutionProperties) = preSolution
		HideSolutionNode = FALSE
	EndGlobalSection
	GlobalSection(ExtensibilityGlobals) = postSolution
		SolutionGuid = {76DCCCBD-A1DA-48E0-A636-5550424E9139}
	EndGlobalSection
EndGlobal
